{
    "_meta": {
        "hash": {
            "sha256": "b61821bd58e92d78b58285c3db07739f53180a13d0a55d49498eee2faed5b6c2"
        },
        "pipfile-spec": 6,
        "requires": {
            "python_version": "3.13"
        },
        "sources": [
            {
                "name": "pypi",
                "url": "https://pypi.org/simple",
                "verify_ssl": true
            }
        ]
    },
    "default": {
        "attrs": {
            "hashes": [
                "sha256:c647aa4a12dfbad9333ca4e71fe62ddc36f4e63b2d260a37a8b83d2f043ac309",
                "sha256:d03ceb89cb322a8fd706d4fb91940737b6642aa36998fe130a9bc96c985eff32"
            ],
            "markers": "python_version >= '3.9'",
            "version": "==26.1.0"
        },
        "cattrs": {
            "hashes": [
                "sha256:d1e0804c42639494d469d08d4f26d6b9de9b8ab26b446db7b5f8c2e97f7c3096",
                "sha256:fa239e0f0ec0715ba34852ce813986dfed1e12117e209b816ab87401271cdd40"
            ],
            "markers": "python_version >= '3.10'",
            "version": "==26.1.0"
        },
        "certifi": {
            "hashes": [
                "sha256:62f22742b58a1a33014a2b6b706588a8d7e2a88ae7bd1a6ebe8c992928483775",
                "sha256:741e2c3b351ddf169a738da9f2c048608ff7f2c5cc02f1ebc6b118bb090d5d55"
            ],
            "markers": "python_version >= '3.7'",
            "version": "==2026.7.22"
        },
        "charset-normalizer": {
            "hashes": [
                "sha256:00668ebb0609751758682eb0b5857e7c35b9f00e84dfdef062e103244ec94d45",
                "sha256:012a22b88a77ca2e59b98ac5889b0deb604147666032f45e6d6e217634d2550d",
                "sha256:01e93745f7f219b703b60ba7afead36cfc4242782be5af484673fc500df12da5",
                "sha256:04368edf83514385ffc3e1cfd4546e595f4f1272dd23ba437a93a9cc3741d47b",
                "sha256:0722590aabf9dc6a6c0343d523c05458fa2b5047dbe6302fd526bb570600753f",
                "sha256:07ffd07412fc5d5e84cd8952acf9ff7e4ed7a708e69d1bada19d8ba91711353f",
                "sha256:09a7bba9f739468c8e78c36a75c33768e53cb1959fc638f510454c14683f00d5",
                "sha256:0b2b1b3fa5670c127b246df1d0c059defd41f689a868a3b9d79df9b1cac42d22",
                "sha256:0c6dfb5ca6723eeed15aa8e564a014d69fcb8812f94eef11fe3631e0508199f5",
                "sha256:0d929fc574b4d6fd9e7c0f5c2ede8716a41911923aa7fa5fce38e0818aa4a1ac",
                "sha256:13e3afe97712e8887cd516e960c63f0b93122971e5b5e4b2622fe7701771e838",
                "sha256:15f024313246a4ed976c60f440bb8d257815513a681d212ff74fd46f7d715a90",
                "sha256:195ce897c6153c0700078142cf8efe3e6454ca4cf4357499e4078dfd83396626",
                "sha256:19a3dd5aa73cef1c99687c4fc57db016a9c17104ae1185da88ba566a5d3bebe4",
                "sha256:1d1c7a53a6c2103925cdd6d7229f8c567379f211c869793df679f2e9f738c369",
                "sha256:1f5883d77fd409a261abb5dc8ccbe335720d798b1de4abb3b1d47ccbbc76b53b",
                "sha256:21b82d8082f6f5e7f456ef0bd16323d08de1266efbfeb476e64b2a91d1471a4e",
                "sha256:252d099029bcbea642f2a06c4ed5046bdf8b5a8150b64afa5e027e88b106e5ee",
                "sha256:256dd4d85d9e4dc595e2bc983c980e73f62ddeb3165c58b4c3dfe78c5c8548c1",
                "sha256:26422d45fd13551cf564c58932f7d72b4f58b93b0fcf18c35ba6be12b46bb102",
                "sha256:2679de311c7946dde5d3b6f44941844133ff5c7cb86099c0061ab1e8901c20a8",
                "sha256:29880d17a8eb0b5cfdfd8944b468322928059aa35f1f5fa8ff22b149ec0b42f8",
                "sha256:2bced4061f000f7187254a02ad3433ae17eaf991747ceea2f478422590a5bba9",
                "sha256:2e9cf9253119d8e5d111f05d71626786fd3d6193817316eab1ca088cdb8593cf",
                "sha256:2f06b7eae9dbe77fe1d644ca244dad508de8d302870a43f3c559b521270938a0",
                "sha256:2f293479cce755c75f1697e87c409b7ae4c555c7dfecb6e988ad13abba943031",
                "sha256:329fc3ccb63ad22d867d84c2adea759a64079a37ba4a343433b02c7a2816871e",
                "sha256:343fb4f2821043bd87095f7b08a1a181febc8e36ac64212143bbfd0a0e1bc235",
                "sha256:3588e376b3ea2eea84976f67273d679f229e24c66dce7b82ae45aef04ff6e072",
                "sha256:35aea775dc2bd5f54cd84a1cd2696cc3207c479cb9cf0bd346f0d343e4300ddb",
                "sha256:35fe081843b35aad20ffeccec3eeffbe637b15d14f3fb22cc1b59cd8ec17e93c",
                "sha256:36047af20e17097c3bb9476c2b7655f2f7aa51322c0ba58c07695bedf755a950",
                "sha256:3617ac3cfd8b9888f145ad89dd6e692285834b0201c6074a5eeaad3fd4d668c2",
                "sha256:366ec70f5547c640d3ce1985722490f23faf4eb5216a7eeba78277490e78dacb",
                "sha256:394fea06235c8543390050ed5f529187074b029fb027213f6c46ac11ab5d950e",
                "sha256:3d27167433c0d5f18dc850f07d0b3816221984fecdc405d6c157a6f0b8f8e9e6",
                "sha256:3e5e1224c0a6a90e05843e07adfec669edebec17801c67072f51e59561d63c0b",
                "sha256:41876ee62a3dddf48ff1121ad8f0798032aa03f2fd35f21f34a4cab14f18d8d2",
                "sha256:433c5a81eade63b47e522303bad236f59dba55ea6951746f5558355eeed8c75d",
                "sha256:4582c27e8c889d64811987b5967fbd3ae0c823fe1fd933b543d55ac20bb475fa",
                "sha256:485a0d363cafefcd2538a73c7c838daa2035f09b2c9f9b5e3133f80c6aeb84c2",
                "sha256:494b70049a4d69aec6e8137c13af4cf8db8c9f9820a1392ac293b0dd2987a818",
                "sha256:496846868fea80e479324862fa877f02411f2fd0f83b79ccee2607aa68b2a032",
                "sha256:4abdc5f9ad448c1ecbfae2974b820535d6bc6e7eef63babbab3d81cf46968c71",
                "sha256:4b599739b93b2cbeded49645ae3c8d1405c29ddfbceac1545c87a3f9580a9e96",
                "sha256:4bea7f8ebe90bbd7f0e4a2de42ca6924ba23e3e76418c408ff82f1d46fabd687",
                "sha256:4c4fb141a727957c93edfe5c32a26ceb6b5f6461d67146e2d39f51e16170bea8",
                "sha256:4c9548dc78002099910abaebc0a72ac58b7d30931869e0351c09b507dff4ece3",
                "sha256:4d26f14f041e83dd8edfd61f4cd4fa7285d31798b5bf1f28e70c367ba6c41d61",
                "sha256:4f298bdadb8f0b9e5672877f647d1be9373ef5320c9e2f049795e26cad28b6a9",
                "sha256:52ec005752a56ae79547a05c0139ca2501a0c866390b6115008456b9f0e7cde1",
                "sha256:55261ac0d2941c42f196dd576f543d87a8ee03cd6f5e30dfb4d807b2e3b9121a",
                "sha256:56490c595a28b1bb27dfc583e816152a9767721ef58b2c03b13f954d2f707420",
                "sha256:58d3e12c88e0950bca850ae1f7c256055c097639c2edb9eb123af9807d8b15e4",
                "sha256:58d4aa13a59c969dbfdf9e6a9560e242cbfd9e8a8f50c2747714df1a423adf65",
                "sha256:59171c6e45bf07d0d5cab3b0bf81d945035530f6873398b3b531c31184d46663",
                "sha256:5b6d1386bf0096d26d3a863dc0a487a5b4eb9aa93cf5ba69683d29dde6b9d60f",
                "sha256:5c0ea61a470e070686aa30892fed79e297d2c8d0ab46b8bcdf027d38c51da591",
                "sha256:5c84bec0ab5ae0c64bfe73a7d2adcb5ce73b467523fc27fd6a28ab2aa6cbe35a",
                "sha256:5ca0555312ae2fe82715cada7fac375530c2f3349e1eaa1bcb33d0283ac79a18",
                "sha256:5d8531a6569d025f68e2321e7638fb7978f23db58e5f69f56913837aae03816e",
                "sha256:5e2d0e146dcb57034f8b97dc58d2d512cb90aba253960ce449f695fec6a82c6f",
                "sha256:5fc45d653ea8c9a20479167e11d4a0f8cb2fa3470737ab6f9c827532313187b7",
                "sha256:6117b84ea48435e5356dc737f5121485c30920ba43375fa7b434fd753df0eac3",
                "sha256:6199d5606e2bbf2b096cf64d03f8b6790c91081d5ac866b8e7bb6422738cc60c",
                "sha256:62b55f6722735a6c472f88361cde6640608773d9443cebdbb51abf436a1fcdd3",
                "sha256:687c9ca3035544b113bea2055e180af96fb63c0c476e22a9180f51925186e7b7",
                "sha256:6b7430cf5728e68f6c462254009a6ef4086e1bea43cf2f57aa9c55fb4f50ff96",
                "sha256:6ba32c4d2abf1d2fe7cf27d280f4cca5664233b0f885549c7761719eb977f486",
                "sha256:6c9cdde8becb25a7fde49924511aa2644d6f8081cc8df8e9452724303348d8e3",
                "sha256:6df0ec430f9a831772c23ca5a224cba36517a58a84bb32c32bb59a9fa67c47f6",
                "sha256:6e2912d4babbc65196ac13c2f53468dc57fb8b9c25ef913e8c59ddf7c6dc0e1b",
                "sha256:6e5e4d73d588ca5ed09df1b7dcd1b203d1df3c542e3f50d126c947d432b10731",
                "sha256:70055ff39b97c99e7ae40ea3e393fb62aa2e44dbd9b29f8d14f42fb0025c3959",
                "sha256:706bfd38730a5ac7a365793269a00f4e988178cec121391f4248d84ad8c972e9",
                "sha256:7235dc28fc6dd9d832ac7c7bce95367dedb85929f17368a0c2bee1e080b9acbf",
                "sha256:774d157f112367ff4abd29019f38f023c24e00e56edc7829c20e358a5a913ad8",
                "sha256:77efcff2b23071c349402ac1066667a3d011f62398d81408c9b88ad991747c9e",
                "sha256:789b8982559ae28dad2356519f841655756cdcd96616410590ae0b17454ee64f",
                "sha256:7ac76cf9afd34929d76eb7fcb63be476a4853d8a96f0dcf2d0db68a0cbdf9885",
                "sha256:7c0c10730342b0c9b35dd1d619beb8214e520bd96a1f870f452680b238aab3e0",
                "sha256:823f82903d189af463d7df250ef1f7f696f3cee08cc8d91deb565e8d425f6506",
                "sha256:838648accb3a7fd9803fd45c87bce8509648eb0c11bc34e216141300977244f2",
                "sha256:854066be00447fa8de2ccbbe893e2ffc4b123ef16d897af794c1e18bd4a714b0",
                "sha256:85d5855daafc240cc045c026d7a15fd198a09b0fc8ff6f5ecbb5297b509cb11e",
                "sha256:85de3134b5379856e323ba37c19c9256d39425f7b76a63af52b09fb4664c2e8f",
                "sha256:87e4f41d375c0b9be2fb5251aee4b8a689169e134535aed81bf085c3b647451e",
                "sha256:88ca277405c2d3b71c4e1c2ee0e7966e807bcba86a69d11e19ba199d18ae4491",
                "sha256:88e85ab89cb822c1e635f51d6d32e488f94e002e70e2f492bdb8b945543f345a",
                "sha256:8ac8c94b6539074e0f40899301273ac8402b9b3e01c7b7ba269ff30340aaaf20",
                "sha256:8fe532b3c966d1fb794e0698e4589d0444017ae77fc0b31edea13c0e35bcc449",
                "sha256:9085f87b0e38a2b92b8923059b4e8789fe40d9279712d15dcc670048d77079af",
                "sha256:90b7481fb62fbe172c558bc6fd1c4c98d82004a54a7551f20e11ac9bf0b8708c",
                "sha256:92caef967d287a407085d61176fce4012b1dd62daed4eb6d5ceb26d3d2538712",
                "sha256:9362dd90aa7dab48c0054a21187791ccf05473f7dba5d92b8033ae62164675e7",
                "sha256:94d78ecec2605a8d0398b0f365d5f12a63248438516f5dac536a5eff7337df4a",
                "sha256:94fbf1c0c6cc0d3d5e50f9a9313a8cdca90dd696d34b381cd1704f8c9e939f20",
                "sha256:950f23cb393f85543777b0433f082cddd25b51ab398eac7971146495679efe5f",
                "sha256:96eefc178f8636b9c760c5829345307fd81cfae9ab1e80997dbddeb0f54ee9a3",
                "sha256:96fef3e886d6a9874b14f27fc193fbdc69d5d8035783d86aa4e1cea594e695f9",
                "sha256:977cdbd483a9cff38179bea4fd754289a6f2195c7abd414aba85410b3e66cc5e",
                "sha256:978eab16f55b4ab2c2a745be9a0a840bf8f09a7f227d9c76eb30214d078865a5",
                "sha256:994e883d17c559cdfd38c84003c8b27d25424a1077272a17e7cd27bfe0bf57b2",
                "sha256:9ac4444d8d4fd4c4bd08bf451ed3167aa9e7ec6cdb41b648794f1d1103652e36",
                "sha256:9b5db6052055d34d41230fb78d7c439c23dc536a9896f6cb039e8dd92cfc1263",
                "sha256:9d9a0dc7cbe9bec24c3f767c9122c41fe5a1bc43f47cd099d00d393e09769de4",
                "sha256:9dbdd9205662134957cf0c324f639bdc5031c0ca056e2369e238db75187c0f11",
                "sha256:9eea3ab2597a5e65fe65296e2d6a84570845a6b55532d90333d740d48bbc850a",
                "sha256:a2028475ba855475b8b4d3cfeb4994269c967aea8b9892dfba907f4263a863a3",
                "sha256:a3a370082ce34d0612f421e15fe011c53bb1feff21a26d06ad4fb244dab5a375",
                "sha256:a545775cfe815855ea32d7c27731d79da358ef2055b4a25830231b1622dd18aa",
                "sha256:a5cbd90ecf0fc62e64726917ad083b73001f0563657a87ec3c0b504e277dc90d",
                "sha256:a6d095662e73e74f0a49988e0593373e243e3a52e27bfeea0a859e88acf4a0f5",
                "sha256:a6dac12ff6b846103483683f60c5f8fee205121adc58ffd87e90a90a3af69e99",
                "sha256:a951ad59cad9145664a730d3036b40b844e74d2d3683da40111463cd3a83845d",
                "sha256:aa1099b956fb795e686d073568f6dc002a0bb89765ea6d5b055dd7d9bf1b116c",
                "sha256:aa2bb0b37202dca27175591f761108b5d34096ade1191ffe4808bdf6b1571488",
                "sha256:aae2ee51122d3ae968a3837d97dc24a0aeebb0dea23694422cd172bd30017cd6",
                "sha256:ab743e9bc90c1f73552ec33e10e3331315acd2c397b36065b591b0181de533cc",
                "sha256:ac00177c4831ffa650f8609e4bdddd5fe09c03b1c0c47acece7e6ea20421598b",
                "sha256:ac13b004224fb341e1e25a1ed5e19d32f57cdb2a403e01f003b46f051a550f6f",
                "sha256:acaf604462bf330b0d07e7a07c1d6e4adac79e5fb13e9c5140590542cafacc00",
                "sha256:ae31a1a1db2ee6cc2942fccaf695c934bc7f3db9f2133a3fef1f367cf1a4ab10",
                "sha256:ae4a097991662cd4fff0ddc74e0fe7874f82e00042fa0ea00855645ed0c79598",
                "sha256:aea996a6aba25260827c9ea511d1addfde2da9eb686ac961838509086188b7e6",
                "sha256:b39b69b347e5e47a3b5b8cfc005c68c1ba347474e3960236c4944a8ecd174962",
                "sha256:b54e7e13267d49ffbfe68e25b3cbd774dab38fa37238f71265e91b36146eb21c",
                "sha256:b9af956078716df40d985fb0dfeb2c2120c5ca92ba4ff4b388acfd01cdc14d08",
                "sha256:ba2f37ee79e6338845261a3c5b1784e5d1acdff2c0785b284f1b633033d136ab",
                "sha256:ba501e667c17d8411f98e67a022d9604ef179aff0e459b7e292c796837c13573",
                "sha256:baf3775a2635e5a11fbd5e4e64ee69c7e86875d224a5c72aca4c141064589a90",
                "sha256:bb57753e36e4855b8ca375069482250a6246372331a3e4f3407eaebb007443f5",
                "sha256:bd6c173f04743d483881bffa1478d5a4624475b8cd1d2194956a75548e191c18",
                "sha256:be47f99644b208bff7766314013f9acf57b056b04191d570d68ad14022cf5b1d",
                "sha256:c010f5581d9c612804cc59fcf7b524b707fbcb72828551237ab545bb5c7034af",
                "sha256:c1dcc36dcb96abc02236e182d17e0f71430152a6c2c7447421da2d2dc144edea",
                "sha256:c428c6c31eb5f4277d7f8eccaf767fbd548ddd5ce3c8b4f4cbbfab3d96b5904c",
                "sha256:c658c50ac0c98cd755a2dd50b7977d3bca7df401dcc47fbdfa87db53ef7d4e8b",
                "sha256:c71fb0d56c920c269cd3e2e3fe7c610e3f1fdb21a6ce60efa6430ff63676cea6",
                "sha256:c7b742bf31c88566b4bb6335a7f393bb322e580b6bb98df7bd0c25e6e3519ce8",
                "sha256:cc0329df4caaceb950d2f580b5ac716a377f7059624a0bafaeaf8a218c6ed774",
                "sha256:cc5d36d96478aa9c60654bd932525bf32964c62a7281eafdf16d85003a8d6004",
                "sha256:ce854f5f478050ade5a238731c4ca985a7d3b3cb53ff600a9b5c3b689b5f0a7a",
                "sha256:ced3fdd71aaa83ce593746c2edb42b7a59cb4c19c8b5c407781c72e493aae55a",
                "sha256:cee5dd7c6fb5dd52a0fe2a740f9bc6e3593f5f8b1788bde49de02086f30182b2",
                "sha256:cfa1c0cc3a8f9f53f1243a5a99ac36fd003880199383b37672e86ddda9cb07e2",
                "sha256:d1ee1e296209fdce05b81b663250eefa02213a2da7b41bf26f7829b8ba3545aa",
                "sha256:d59b75732e9b6f27388e10c14b0259cc5f2e48c78627d185e6a177b58ad3cffe",
                "sha256:d63600d620ad0064c3a748b950ac5ea38a80190e5498532efefa4b7b3f1da1f3",
                "sha256:dd732602a7009217f658d5863d12d79d373a4de0eebc111094bcdd3bb8e0a6cc",
                "sha256:e06efa066f7dbadbc84ebc126a97c452a6451dfcf589d89d788484949e1cf795",
                "sha256:e199fb99720074809a7720f1c0b4d919eea8b87e88713e0f8f602f7bef543d9d",
                "sha256:e4b018dc5a0eee4676e38fe84a47a427816c590b93b55d9025274ec4d6ffc2dc",
                "sha256:e6621fb2a4988d6e53eedc455e5903e2679f3967b8acb3d639f1b63c14a2e893",
                "sha256:e71c909f353863b2b89c83de2ebed71ea6d0df8a6ef65a128193c5e650766bef",
                "sha256:e90251c0c7bdd54a100a0dce3c07b7e637278c93af29dbf78ebb89a58c4bac7d",
                "sha256:e9fbdce1e47394b09bc9f26ab117dfc8d6491977a11d86f592bb42c779db2fda",
                "sha256:eb12fb2ba69ffa05f8695f61c69e591dc4b4a12ac3757ac8af8adb259bf56d17",
                "sha256:eda059b6bc8bc0812d626fd91a7ce01bf583df0a61296eff390fd94141a34e30",
                "sha256:f03ac127268b43ef4fe9e6ab6794a6794b49485a0cc0c1db79876d2f33f75bc7",
                "sha256:f298e218441525d3794428b4c8b8fb8662c6d3ea79925d4807ee6b9a96a3bca5",
                "sha256:f5542f9b941279d82d41eb0aa9f98eba36fe4df5c7086c651df7944935b37182",
                "sha256:f6f7deae3feb4edfa2efaf7c574fe88cbf055038a6abdb40188e4fff66d5699f",
                "sha256:f9b1e28d0e8dbfa858abdba91d6b547beaf2df1a59bec6da6faae7b96a4991a9",
                "sha256:f9f8405c2c758532c74fed975dbee57be1f31a6e865c031870c79a6ed3212ada",
                "sha256:fa48b1b63d639f9483e0633e092f5851e2348c352f1f9bb6c8182f87884ef876",
                "sha256:fb78f6e7fcd8ad785d28cd577168bc1aaee827b25bb8755638f694794ea98f0a",
                "sha256:fbc597639158fd7c14d55e808718848319540f51b0e6746e3eefa59723a4a348",
                "sha256:fce8cbd4997efeb450bd298b54f755dcdff18d496f7a5ddbb4867c6d7c88fdc3",
                "sha256:fd0350afdc3aabd5576f60ea109228bd5538139713c7b094c5cd27c73a98bc6f",
                "sha256:fd0a274c0e5f9a21565cd9d3dd749b61f96b7aa1e20a93aa1ba4029518f2e5c0",
                "sha256:fdb8a068947befafba9952162645dc2fecaeb400e64584829ed5e9b2fbe21a7f"
            ],
            "markers": "python_version >= '3.7'",
            "version": "==3.5.1"
        },
        "flatbuffers": {
            "hashes": [
                "sha256:255538574d6cb6d0a79a17ec8bc0d30985913b87513a01cce8bcdb6b4c44d0e2",
                "sha256:676f9fa62750bb50cf531b42a0a2a118ad8f7f797a511eda12881c016f093b12"
            ],
            "version": "==25.9.23"
        },
        "h11": {
            "hashes": [
                "sha256:4e35b956cf45792e4caa5885e69fba00bdbc6ffafbfa020300e549b208ee5ff1",
                "sha256:63cf8bbe7522de3bf65932fda1d9c2772064ffb3dae62d55932da54b31cb6c86"
            ],
            "markers": "python_version >= '3.8'",
            "version": "==0.16.0"
        },
        "idna": {
            "hashes": [
                "sha256:5e0811a4383b21dc5838069f801c4fb62113b7447663d2530d2bd6e77b49bf15",
                "sha256:815e7be7a7806d54abb586dc943addc79e8b2ee16915059658cbeff4b1b43bf4"
            ],
            "markers": "python_version >= '3.9'",
            "version": "==3.19"
        },
        "jh2": {
            "hashes": [
                "sha256:020abf569e05cf807104b4a8b43ef26ab4684fd7d26441791a2b9f450a01c66d",
                "sha256:03c1ba7cbebb2e3be1ea62b789d2caab907288ec5f11c97e190ea71bd640878d",
                "sha256:05849bda038c2f8cee50559e3fd363af39c80fb1f24ecf947ccbc7e1a890683f",
                "sha256:0ad4d68340e38a8474a48c424e2929d3e2e82e35e4e8ff1188decb1985d1b4d7",
                "sha256:0ee6a5dd24a1dc0772a89b3498ed20f60167fbc633404b1e02895f04ae66c47c",
                "sha256:194537a1f6d06322448f65b72726014f7a31a484325db5aa30795a670b47d7f9",
                "sha256:1a75eed545420a31ea356e8046b8d86fcf694234dd1035191734a03720fb8a44",
                "sha256:1a84ca3b2cf786a811a828d68d8f3b4587566f7e8236a2c42a77443157eb6053",
                "sha256:1dd137086b13d55a53c4b7b8b75869c824060a4d35615e4f49180ae58c7783f5",
                "sha256:1f3994201495621bac0d1aff8b5ca9a5f185b91b64638e026d9c94584fdd795f",
                "sha256:1f4dffe1c6ed0d4b0d2d9a45d064622bb786cbf87db35eac469dd4c376ac6fb6",
                "sha256:2110e32bde0765fce8a52ec4d51b5ebe1d679de862a1da34f67d887acbdf390d",
                "sha256:2195557f5953ceee743d0eaab0b09ec537bbc1b9a2c6c1463106bfca9b03805f",
                "sha256:267aaa7a96f54452e1e07c7701799bc7817e1f3bb2de09301b2c492841e4c98e",
                "sha256:28cb7c8d9fa0cdb3d357776ad82312c6ced6481fc828f898a04419933c0532d5",
                "sha256:296ee44dfad08ccc3857daf433dfa4a555d5b45f2df39503ccdd90ff10b32943",
                "sha256:29c23f3937f257beb5cd5b17f8727404f1267ff25d26e54c0a35d5defd0c895e",
                "sha256:2a37164eb8f2462268e6252db93b009cb685fa060b62ad217bf1b333b450c68d",
                "sha256:2b311414989da48a155721fe47d0dc3e3b75360efd62d779aaff72d786be91cf",
                "sha256:2cc4923ac6f57753e0cb4aef054a04f5d5c744b274dabf863f695fa3c2fd75f9",
                "sha256:30996200b243c6dd8c176537b7b75a5d4cd910f2be6f7be9e3b12e03a39a0d9a",
                "sha256:31fec2270a204669fd5183465e3ef6a666a0539af61bf8e995df91f16c945c0b",
                "sha256:3ad0a4909501bcd8b063d8757a650228ece9ac7f4b3df0363108989ab71c124c",
                "sha256:3e2789ac441df896333e19dce716987ab3bdbd31d15b885960e52fd8b1bb40f6",
                "sha256:3e5e73bbfcf0690561a1e2bf8b2d8f1e0bfd1aca67ebbed2a753cf9440f912ef",
                "sha256:3f54095cde010ff4e52f23dda92b31d3d3160c64f5f23fc6e181f8c7938afd33",
                "sha256:3f74dad9036e599eed51576492b00955237b86cf886f96844708a81cd0f5c710",
                "sha256:3f8c5e81254b986f8abe9fd974e7ed595aeaead3f3066ce9ed95dfff236ceca9",
                "sha256:3ff9abf4b4769c9c8117d929f87c90415cb65f54faa22f64fbf044427127e65f",
                "sha256:40d0a10036cdf8bf1a36b07c10b69ad0d08ce31d99b8962e3d055ee417fe3423",
                "sha256:47d3203ed6fec39df4922764817979fad3a13d22cf750adc9cf9dc2b3399eacf",
                "sha256:4812710810010c428db04e9290a13117f7b7c5a3a663b46a0586fe101cf25c9d",
                "sha256:49531e0042b3a4d35d34ddb892bb734d77969c9b787e6f2f0253cb10b498d4e8",
                "sha256:4a125855110bedee3011929e1d050c20d74fa00a36d1ec602be677847b89d764",
                "sha256:4e734f8a5cf002316cc81b80d8a91a0f7c62d631270abd913746644fb9ae288d",
                "sha256:4efed5de773df44042a07a50ea8dc476a4c120bfd3fcc4fd7a7ea145196832b2",
                "sha256:50d224b482e1e18fa6bbe90d05125993122c5530b0b83f48829d7a535e2b60f2",
                "sha256:521f871864880cabe361060f070516a56a54abc3e96f07bee9ba8b061eada891",
                "sha256:53b1df29ffe966cde1d2f0085b6acfcd237504627d406a51717ef3849ec88831",
                "sha256:553f6c0caa98f314d97c671c8924fb97cd59515258916283cea315bc099c4200",
                "sha256:5909e2273f8b6fcea93c95564aa0f366ff9261a544a7a5d640ea95341321cc37",
                "sha256:5917a20e0a7b763a8eb2786422d2a534fa0e5645baf12376045a64b63a711cb1",
                "sha256:5d61bc0a62b4eee11039bf29d4bdbb26efcff760dfb9d8e0739740028aa52b0f",
                "sha256:5f9a82f90a21660fd0313a81c838bff89a13c7921c317abfc3117e49f9d46c84",
                "sha256:62aee4bd128e17871980e4847cc4b94b67651de612bc96dd3d7ebf647c68a6e4",
                "sha256:641f65f5414b8990251bd7609513a696831558f69d2ca77d65dc3f7087f31267",
                "sha256:6d84d87f6c1b2131273b8078f5863d980269fa53139d7f7fa76e6099e2a00bd1",
                "sha256:6eaa9919f7faf162d2acf66e1632c4588840589eb0030688907c9eb6a5ecae17",
                "sha256:6f8d364d53cc0854d910f2305726a8254acb527f13fa933dc213a591e21e7ffa",
                "sha256:6f8dfd56b10c4d66f1c2338b4caeeec5c0d2cda0243e66e02aca68bb02f7ea78",
                "sha256:6fefc5b57d9a345d90e283a7547661b3c5921480c14d039077d3181a7b6226de",
                "sha256:70b5bd5cbfd806ceb6f57bb9bc287a073b1cb51029b25197eb9acd45cb7f1db4",
                "sha256:72122b850d58c4ae0612c9b9bbabeddbb092b503eb39d87249da323ba1b074a8",
                "sha256:7479e41d20278484aecee14ed2a52e83cc36f3033f176fc2d1c7b078628e8bc9",
                "sha256:74cb2237406296f92a31ea762ad0daffcfb2be39e567e62595880948eb9e9e84",
                "sha256:7586a835ed5e213593e35e0d6f90197dd76412fdcba62e05b15df72806af1e2b",
                "sha256:75d0b2bffb2e260a0f3578a11a4999a713c94d1bd8de7cfe692c840e20ae83cf",
                "sha256:797e8846a4c7a18a9b3abdd437ca2fa06d39223df7a6fdcae57adeb7cc3d7a95",
                "sha256:7b7e2028a565bb04cdf73a91634722e3de40e1d8fed1adf8aa1ba8952f48ef07",
                "sha256:84d42f63b1e7368194704159637e534280540369b35758a4daa712bf277e80ef",
                "sha256:85d3d338284fbfbe173243c3cc62e510c6fa0d6d023e67da2292bd7578c734e3",
                "sha256:882b13542d7bd20f79cb92fc31ecc9587037278d0a6b36c14b734f9ac2cb8890",
                "sha256:89fd1e706f1870ea4a8a91c6b2434123e6d76d6ea1fac9bf7904cf71fca8b9cf",
                "sha256:95d72124353a530ffa5a65f1f94a4396521f5472f0fde79b93dd66a3addaadff",
                "sha256:96cff73359be465a4a70a2f15b72c384055a6be16c670f983633a9dc93cdb2e2",
                "sha256:99aedd20daacb32f377152c9103d8d0271f32d1932bd39a5ed2cd2eef97f7e07",
                "sha256:9e4d342cd71db3c8c3be74acfe26b38503f2f5948c902072319405c5b5bc5313",
                "sha256:a0772ad66f346038fe05cb2928866ff1b21bcaa9ec3f14709fa1d419ed1dc287",
                "sha256:a08ffa490443767a1783b372d39a9156da37a93a6c490e03a439aacf315f8a79",
                "sha256:a1ef1d6c90389c366ade34bc6b100e823569c60bbb0b0f2cc3b308031090b252",
                "sha256:a5146468a76bbe8f4035f23a78813c5c433c70c0ca44eb0ba5558627a9e644b8",
                "sha256:a5d2ceb2e9d42ac236f0da7b2f9e8237818d32a10d892b06f30f7160ee4365ae",
                "sha256:a8bfbc5f77e95f485bf046d4a19bb773866cdc9d1b21c27a194366a55d7fe361",
                "sha256:a915e77adc126bd79867b7cfecc930021ef1a2599475dda058ae80537a7068ec",
                "sha256:b1d8313b13acfdef19c5ff793fdf397bae3d8d75181f6eee62604f13e4ec20a8",
                "sha256:b41867d5decd7cd62e12cdacfc45c5d8f6eae872578ae01d78900174d5e47b82",
                "sha256:b4b6aeaa12ff46df7478150e063f540fa976c41203739e425bfb823d479d7209",
                "sha256:b4eae2d5bc1a91033450fd4381c04f33db7d4c9cfd31046c4708c8c1323c06d0",
                "sha256:b572daaafbd867bb5c5f324c918704ddd6d76af1cc7c2be483c3649b76ce7940",
                "sha256:ba5e545b3209e8aa5b6af88e7032814473e57d60d32d3fc6b6185453733a4b26",
                "sha256:ba74adbc182ee8d4781856ec3cd1ed61fa16839f6a6b2bc708e70b281211938b",
                "sha256:bc238641d3bc35dc79965f330c7f0f16ca992cf999c8892dce0bd36c32056eee",
                "sha256:bde7e7ff0f17e87aca9ef23f66b80540a2de0ff8e2c26af55eb2e288a2a5f74f",
                "sha256:bdeb48657db508e8bc299744aa431798efdf090feb3959cf0123167c9251ebb0",
                "sha256:c32befa8f915f3a4510cd097cd7874b9d8782accb06562d8aecd5b40e879e980",
                "sha256:c697b250a935030a128b45b41f507a4d33a082d8b8e12311c7e73fbb3970f057",
                "sha256:cc31fbfd9ac25d46603c4d27c4ee94593202d55a437f0c1e83a17570f596e21e",
                "sha256:cf3dc6f7c14340241260bf63e5d6006b2ee7db45dafcb39c16fdf164ea0240a0",
                "sha256:cfec229e33d3772ee71d81bee9145f195f58cde65126f54820026a41c0da1ab8",
                "sha256:d0bdb220d7fa3b6deb5a108cd5c37109e4bec12b7aa9aa56f2d8f9c55f1f113e",
                "sha256:d3cf203de31371289d4c1e6b4d30c9f6de95b2bd2b300fe5468ff946299d0e48",
                "sha256:d5c4d4ef923464dc5b39d39b1a41209a23e387698a254e81813d0757f76ff00a",
                "sha256:d8313cfecb3b15d1c1a7e5c70c0e2d42bbc9fe0d616a18cc25dc91d63290139c",
                "sha256:da030729eb8ef386569e78c10e2429adb10026ce82989fdeb906b037314d66c7",
                "sha256:e09fa8ede2105af24955c620675d5d778b26c51086379ef7ee98e1208c2341e4",
                "sha256:f3768fa39d0c5a2578b285e49e8d42230bb182bb2f7984840549f89c04ce4a56",
                "sha256:f48eeba6c0bb91321dbefc60527d945f20ccee3f0066bb3ba0d9b71120ec9417",
                "sha256:f558408add7be748978c52796ea852dde5d348a00f8ba7518db848d32154f022",
                "sha256:f681e197bf6552df3bb7a3abfd676e81316b69e36e7263e72383477174032ca2",
                "sha256:f6e95bfee4a72a7eb6fb4ca057ac5da297df68d302c63c300a5f400a0003fe31",
                "sha256:f810dd02b4a9647eacbe4eab617111c0e3ffc68e923e3ff172948db601d2ba1e",
                "sha256:f8c78cffb3a35c4410513c3eb7989de36028c84277c04f07c97909dd94c23a75",
                "sha256:fb8e37ecf37382c02af83da521df5a77561441bc4cbb93b00627e015b7bbf349",
                "sha256:fbd4e45d9207aed97257157f0ef268757f3687af95d7047a9e290a559f3729ea",
                "sha256:fd7f6c7e63717cc5f69bf814b61d4c5725c1a8976b03567c87db6a048d7e16df",
                "sha256:feb3a70be5b9af031596b8328532997e0019d91e11db1cd607087ed32ce59727"
            ],
            "markers": "python_version >= '3.7'",
            "version": "==5.0.13"
        },
        "niquests": {
            "hashes": [
                "sha256:5b7d10a05f4c7ed08cede0af74f492ae7a8a5a71291833d029e23365fc3ea80a",
                "sha256:dbea441b9e9d5d755e02caa2b57b94cdb97b23d754ead21b80a4ac18ef66805f"
            ],
            "markers": "python_version >= '3.7'",
            "version": "==3.21.0"
        },
        "numpy": {
            "hashes": [
                "sha256:0090ccdd57ec2703e9b49d0bf554767370581c1dd0a6b2bb2b2d9def317d042a",
                "sha256:078f9b027b478c9379b9677babbf0f8b8f1ecfada27636d7b9a93990c638739f",
                "sha256:07d4e89f3a9ab0a9ba24264ccdb642b3dd951b2281e8883a5481a4aa79cc31a7",
                "sha256:0a4035ae1129ff8777f08bfbd44f1e5d8e9c049ce0c2dd78fc0d92c13e7251c0",
                "sha256:0aadf13b60048d501e05fa699efaf7734e2494f3498a4c2a5521d822640324f3",
                "sha256:14e373cfc6387177e8409dac3c7159be8eb05cd77096cd7c950268b86f62831c",
                "sha256:1ab3d4a901f844ea836c3e80bf463c6a27d7f3c14e8e292fcf28d348b25b9bce",
                "sha256:24b9dc2e3d84aa58523798805194e23e736f3f6ce2d1a5b92583ae734e6dbda8",
                "sha256:27650bb0e7140fa3d37b9923b4803645e0b125d190f326eecfd3f4dad8e8ade1",
                "sha256:28ac63476ec7651484215ee7fa15a1f78b57c14621f01e392afe17b9a1390ce4",
                "sha256:29b86ff8a6cc556b47ec6b64b194815cc80e6bf5eedcc6cddfd65318cb0b4eee",
                "sha256:29d81e97f668489cba8ebfd796b9bdd453525d35dd9e162e2daec94bf3fc7740",
                "sha256:2cc779226e476d1e1f08c74068c419e60f41a9e0e069c92f6671d31d5c985e98",
                "sha256:2ffa7bacab3e2ee1b19ed31766bb60bb380b68c23f051e199c5cc598afd68710",
                "sha256:318b9a4c845dbea06708a29c84ee429cc3065048db34cdb799047643492050ee",
                "sha256:34c319e2963be042673fb46570501b2f06c41924e17e3563d58646b4380dfb68",
                "sha256:3a2f061cebd9e3d23bdcfaaded5e2293a4c6a5b60fa42df85d410a725ce621bf",
                "sha256:3cdec01fa790a186d430433fdd4d4ffb70eed6f0eeb4bf05c8dbe2dce0a9bcb8",
                "sha256:3e4c367352d3747784248a227fbec218e193b56f7e6692e3b64fc805478ecfdf",
                "sha256:40f4d451aed46a8046a1aae41c4e55fb3612273df9c502480135e1501576a34b",
                "sha256:44ef9675d908e65f9953063837c3277730f3f4437615a4cdab67b366cabaf884",
                "sha256:4bbd96c833ecc8cc069ce518078fc8c60cb9cbfb0fea5b7a803ad65035596d03",
                "sha256:4ec954036759bcee3aa484f8603bd9c14f3e776293b85578b8734c2d72777c69",
                "sha256:4f9744f9fbdcea0bc552e8f19e1f141f811a3f9bc2be2cc6e86d982cab23e3f4",
                "sha256:50a68f4bacd8a2b33d8da3d2269d0d78500f86ea582e4786dc10f5ef2c2c6842",
                "sha256:50e500dc868e9313530ce12ba470fe50ff3afe3d62993ed6eff652dacd555b65",
                "sha256:52c808f96484f5571a5cc863775ce50247c17dfb3b0361f8ed6b4b0456f80080",
                "sha256:5f8e00be2ec6f45f4e8a41a527f68d44a7d96fee92a650e4d8b1326f77f61e6e",
                "sha256:60e902ac295855348a5ca2ea4c89108989a9f5fddfad3dfc0a8f36b10358567e",
                "sha256:65f188481f1669e26f62b701e8205d19e460fa4a9b52a1414ba382330e4a3414",
                "sha256:6950c4b7dd562453090548ba7f5da7e59f57f85663f15d5dcc60e249192f7e59",
                "sha256:6a9bb119fb8dd21ba30b3f0e555b7e2b081bd9883af21ec9c1c633d161cda3a8",
                "sha256:6b588cc8f902d6bff201c19fd00c43ab8545671e3554d014e12e14139e5e8617",
                "sha256:6df895598c0edcb41030126c89e0f353b07d93238116143b7405e937359736c4",
                "sha256:6e8172ddfcf5cf74b811d372b570b83c60bd2de87a6fbfbebdadb4a9bd9c6cbb",
                "sha256:7354826bc6f8f69402e9b7fe28d15fcd34feebd74f856f111585c5b0c9fb0251",
                "sha256:7587f53dfbd5edc0f7b87c6217b4c6d2d1f2ef9c3da70bc1315e7db5f8d7ec9d",
                "sha256:77843ca236b777e67f8d6b3660ea116e499612703a0ecd7093f316201eb9d8e2",
                "sha256:7999d4ddb0c4025018373fd787510d46e04c769467af22869707b3c1cfd459ab",
                "sha256:85aaccb24182c25df891ad0ec333585967e115269d5f1b17f2c9ae005bc96657",
                "sha256:8e4cb9a754c8a0c62eaa88273a5fba3391f4a610d1dee893c0755da31c083f15",
                "sha256:8ee9c4eeb8454b3660a8b53493563c3e121c2fc94fbd72b848ef814ed7b676a9",
                "sha256:9a0731745a72a184490a582fb4af2533512bd071ace67785b5fdffc0ae58dce8",
                "sha256:9e9413326d726c2545bfa65d2c0876871e8d8386e77f992c1d426e180bbd4323",
                "sha256:a610dc7e3c52edd39c2bc2375ff9c3fd59cb3ad00e4472d36f83bc1457145788",
                "sha256:a839318485284a6fb31be4f8f2c91c8f2cb22f4543c4a8903f12b0671ffe07cc",
                "sha256:afb3f0632d6b2e3ba04dbce8d1e48d321b369138b73830b5ca371a0e8d479d56",
                "sha256:b879fb674276e331513fb136b78dbc6bd3c848309e0d841cfd63be3896c4cfc1",
                "sha256:b9727f472d2f3888053b8a75ab0cb94745a9de224bb5846dbadc0092101bc71d",
                "sha256:ba0a474801b8dc67b66bf465548abc90e82b44d2611b5770f33008dcabffe8ec",
                "sha256:bd68ece1553d2023c09a4226d9e41c586ad2d20594d1a456186c33513d2cb3f2",
                "sha256:c081cbe16ba1ab53078e5ff29013621e33c509eedab055775d956427712c236e",
                "sha256:c1f017dc0875c9209d219f97feceb7d54c2661bb243deb4114478e1295808af7",
                "sha256:cebc2d6dbb605a7703d59751dea4bd6b0ab127a5a4338a6f432df1936fef8b26",
                "sha256:cf7de32f486e4ac9e2d93b810f9e9ac72a728dd46a32a0bb403222f27f653514",
                "sha256:d482d171c406ae88c5b19cad3b6a1c4c5209f886ab74bc44c2c865c23f52d860",
                "sha256:d6a48072864e3324e194a8fbb3c657bcc5b5c869dbc64c9537b1d5c862572c0a",
                "sha256:d787cf769c3baeb5f6235e778edb52c08dfa923789b5958f28e6450f96107cb1",
                "sha256:dc649493697006bc90614a5f0bbc8cb3cb1866715c474e473694968d7e6b99ab",
                "sha256:ddf47472af2e4280d79bac82304f5e80150211f1b9e614b760061d5fdfbb6eba",
                "sha256:e5651f3f87add730ee6608d915009e19c911fba0cb000c7e3ea994b7d768eb12",
                "sha256:e79aba74ffaf5f78a050d777c184cddf8fdffabab38acf5f3ef1fecbc17895d6",
                "sha256:eaa088384c46f519dacb93b7ec483a6d6b19a4a2085ae4f25ab9b1c43d387d1e",
                "sha256:eaca7ff36f0f52e2111ec71f169d8fd3e889e7ddc0d2592e0d703fd8d3ce8fac",
                "sha256:f06571a052127dc1b4e8b83029b4d1b20daa2b64a31cdd181fc6bc774e9000eb",
                "sha256:fd0d703772bba096843785bd38371e31bb4a0c1151497ad5739d182114a73f7f"
            ],
            "index": "pypi",
            "markers": "python_version >= '3.12'",
            "version": "==2.5.2"
        },
        "openmeteo-requests": {
            "hashes": [
                "sha256:5557b5df957aa00f5e673d85ddc47f8b5bcadde6c72a98c0ec1999b538db39f9",
                "sha256:790cfd7942b030901696c9b0e84cebf21b6593b95fe640d0ab223ea1b6328190"
            ],
            "index": "pypi",
            "markers": "python_version >= '3.9'",
            "version": "==1.7.5"
        },
        "openmeteo-sdk": {
            "hashes": [
                "sha256:e77011b34f8696eb8cd6756d22b6868f9b3420671b93285171f2ab0ea3be1ba4",
                "sha256:e975faffd9f3095ec2e10409b1233913b5110a2cf47dd7e64fc650c661619fe2"
            ],
            "markers": "python_full_version >= '3.8.1'",
            "version": "==1.28.0"
        },
        "platformdirs": {
            "hashes": [
                "sha256:e34ff91a24bcddc6d939b878bdf3f5c437c9c46fe9e212b1bf455fdf1ee57586",
                "sha256:f3373be828247211d0febabea97e238c3dfde8a60b3c90c32756fb52cb21556d"
            ],
            "markers": "python_version >= '3.10'",
            "version": "==4.11.4"
        },
        "qh3": {
            "hashes": [
                "sha256:010b132c33719af3df4c1d6f569e52a2a20046c55a31c5532e741019c8c53868",
                "sha256:04b64bb18e10d8f482bea1ef43e5da3448e2d5ba78bb0c735da5b9e02d7dfb0e",
                "sha256:0738a83037d2a832ca4902110e2a8d45896ea1a5ae102e9127a57fd96f5d3dfc",
                "sha256:08688570817c6d40083671cc3d503f3f15f29e6d8fdd1459ec2ab52e28958c8f",
                "sha256:100368855b0e103774438aaf8b38c711fb51b79f18e3b9dc873ea573648bcc3d",
                "sha256:124045b0c04c05afc038a239d7717019b4c4b9d0cb967040b4331f4d588eff7d",
                "sha256:1a792406993e968307f79b1cbfd59c3b68b559b3e3f70752c96db2aa96535cb2",
                "sha256:1a98c759a7f6e25c69f4acf3f9eeb95d7c2f82431f75b74d118c7e0bcfa33097",
                "sha256:1fbdf53feb1732faf6c1cb34f2e1cbe4b543054db7b4d19d8752f1162e9370be",
                "sha256:2100697d736dbdfd1d3f0266c9fcadea6230b66ed59e3e7f8c9a9d1a6eec0c65",
                "sha256:22bee558b3f6b8d44a57f5b92b0b2c5a76d67d643af00a3ba9afe5a480299357",
                "sha256:22d5879dc93d2c7ee14cc5933b12c7780d9c7705dff4553becea152fcb767d99",
                "sha256:2369dd42c97de4cf628503fd5c02b359b23cabd0ff1773d33b135395748c6e42",
                "sha256:257a1454732d261b3cf8af90d52cfa13ebb213a899d7983d7707b0c30f4a2533",
                "sha256:25b35d3ded468fce79d66e77e9866fa68782122d232fc049887200702577410b",
                "sha256:26f7c8ed1a7ac0e25b654f030a4f472830c80890cc284dc40a31c17ecc21fbf0",
                "sha256:273372df11906b11c9f16164a169d64f423e24b891717b5e77ee5a647c25cd17",
                "sha256:28b6caf25e1581328b20ab709eb93290ca73c583e9c2cf873e90f42fbceabb08",
                "sha256:2a875175ab7c03d06fdb6784bf207d6aa1d30d2bef8170cde49b6960a0ca96a1",
                "sha256:2beae7faf80fa9c2c79c29d45e27686ff9d785b46f7da9848c88cce0d867569e",
                "sha256:2c2b2005fe6c605d61cac05ec2b3c019cc546184fa43444f3d1e3d22ed020ab2",
                "sha256:2f70ff258cee59b6a8f62c96fcc600d3c9937c8036a194ce56c6273b1fb1bc61",
                "sha256:3154bcc3070d7d674748c7a618ec2718255ba7e8976da4f71c9c6077efc49a85",
                "sha256:325ee1f729e7b2f8600e71e354715db18ec4e669a001449f5924ba0521b9bafe",
                "sha256:356e7386a50372044e4fb9742e0142cfec76c85112ab0a56b2a97d58ab64e47d",
                "sha256:3755d777ff35561bc719f571ebc4b91aaa8a945c210e50b2576bf2cc69cb511f",
                "sha256:3b361e627b6a529ecb231c1d5f3f2abd6d1952b0d7cc02c7718d9657d55dae37",
                "sha256:3c107efab234839fce48f00b9215fb422ed1692176221518b5bf55b10df27ee3",
                "sha256:42a8e2a3a313d7f32cd1ebc8c29ad42f967e797660a4d7c37f0c1354a48d7d5f",
                "sha256:42df8513185563fb3c95dd18e2c28dc8c529e2167d07037586968fee85756ebb",
                "sha256:43b6cfb2240836e3e54bbe61ad1b8fa5716516ff5359131a2421c55676a24f26",
                "sha256:43f80d662078c26563a1aac32a4df22649473d996bf2422e073c8aa55b1c837c",
                "sha256:44038cf2f01bb84d32321b5bf48becd747f7b3a0a6963a5fc8be8306db7b4cd3",
                "sha256:4555d49cb3167904a48dec772fb3a71279282c05e70cc2be9d59b597d1fe71a0",
                "sha256:476ee4fcdbd3454eb0eb4dee5678294f06c08ca8e8b83160e2d0ae3c4ae34603",
                "sha256:47f08aa99fd79a3313c0426220541afa266bafe3b966b74f8b54ee3df1ce07bd",
                "sha256:51240140e427913f1077353cb18351c46fd37495e632c9457e3eda53c731b4da",
                "sha256:5252be2cc8355aee50a09f7c8aa960b4e217ab31a2f5cce6c9f05685243bfe2c",
                "sha256:53cb4a2d96d1f908821589104fc3bcc5521d3fcd0ef7bd91e2301e581a33fdc6",
                "sha256:551f60d487d849d6f2313dda94e54ebb16b1a29acb93676540ae790a56308c24",
                "sha256:5543cb40a48d401f3fa4ec89398e3a213634f195716a9d06d70417c05edbbb32",
                "sha256:55a0f6847f29c8b8c25a539539c69d1b3439a574fd41baf75a5dfbeeacd8d313",
                "sha256:593165d62fb259ee9a756e1bf07aa66cb445680e5bbb7fa15d8d3ba59dcf923e",
                "sha256:5d46c0687461468411ced872d199f2c60a9f8163d96622ab9f4737c991e427de",
                "sha256:607b04951d19cde96f8195c01e996f34228206ef028eb116e7caae05d12c3f8b",
                "sha256:633a24ab2db76d64881876c9d0f1b226a47d892bd7d78e61ea2c788ab59570af",
                "sha256:63aaa73ee888634c8ec0aae2c8dfe9a45ae6bb78b4f5b22aa3d5efd9b174b722",
                "sha256:66567176a55bc92f12a7cdaae6d0245f808333a6a55221f37577f79c56848b71",
                "sha256:6a07b90d6519d2265c2fd8a579ef657b9431bc6c7cddc6861b192c89da869e2a",
                "sha256:6da6de3744fc8db6915f667196bb8cd0bf291f91f3e9a880e2761950558c795f",
                "sha256:6dc9ff40d3a06f27b47d93417666f03ba6fd6b9585d9711ebbddf84fa4b7c50f",
                "sha256:6dd2d3c4dda46c42804766c66bb1accc805df499c179368beb238f5326d1f493",
                "sha256:6e5458cdc9e5214b111d13b86207c2ac799e1191d2e084c442d4fae1ec73fd9b",
                "sha256:708a1da121cab7c25c26e1c040e28c3ceea27e31fc6dfaa05e52613e1264f996",
                "sha256:72c37f9fcf7b1136f245a333bceb7582fb4dcc955bfad0937ca6c857748b5638",
                "sha256:73028c91f3b5c177ee0b0de699dbc29eb322f9d6a6892d37d2add50c8ff7f0f4",
                "sha256:75306604a4072eb553736d55d546c11d265c6c1da2fb2abd2cf67031575646a6",
                "sha256:7a4bb46bd03d1a2843a8f55f5ab120697a7971f72740c4bd1133b73e7fe993c7",
                "sha256:7a94a1726bf46a451a0295d68fafde28794e83ab6fda7457cbd9309c38151de9",
                "sha256:7bb0909208868bbf1cdc5efae8017f9c6701a1b7e9c74576b99aa8c824b97680",
                "sha256:7dca54c459d5ff0e5cf16e9bb8c274270377259e0f8ddad534933a42f840dd8d",
                "sha256:7f7e83a56f250320a8d577a65aa968edff9c0ecfea88aac8f0ecdc4a81e3384c",
                "sha256:7fa1a3debb5199da3c7f45b0ca6efa55174dfd6229370e774099073143ebe9e9",
                "sha256:80020781f5635a04de2b2b1ef0a2cd1e96fcf59007d4da2f16a1527633779482",
                "sha256:80336584bd4fe3bcca398334abd5d11b694d9fb61872a70813cd1012e76ccc7e",
                "sha256:817bad9bc133cf6fa393ab6f06ada20d27f8c6c8fce0d64147013f7d802b636c",
                "sha256:819cf1fb98649493ea1ed594b9170a8cba5ee93039e990ab072af8a7d92d8581",
                "sha256:9010ed3f82b8f9c4de43da0ce8691f2a0ccb9fc2d64b080f7d99218a6303667d",
                "sha256:9356db6fe28a3368b27479b8a23409074c9a567b2250fc8ff99373929b4ac291",
                "sha256:93e3c9aed2d7118c3aedf44ed5c38a2c939548cd9668e7d44959cade510202e0",
                "sha256:9486a8dfc1d8eba625e7f92f3a1c45e4a131c7d96d33b73c20d584cf6bb99055",
                "sha256:94c488e7978ddddc2c52ff3703f18a47cb5643b1dc5ef66fd68d56ab9c5a8f9b",
                "sha256:952abe1be90c0114993886792a8a5ec2211f8391df41227f5b7a5a02ff71bc26",
                "sha256:97a9714b77024dbe51b7155546c30246a0513d04ec6931fdca0889d541b2c1b4",
                "sha256:9b9d45e544e0a556380bd2a92af180ee98d32bca6cf622f28350ebc000611bdf",
                "sha256:9c7f3781ec022dd958b5eb0e5cb2e2a54e207a3d8837fb7290bc239912648fd7",
                "sha256:9ce179efaf97f927f01fe158619f5624d8d874c7161b7c497f06897cdde210d5",
                "sha256:9cf35ac8f4133a88ad3d8e35d63bfd566f369071a496a16ed69ae09b01b9a64a",
                "sha256:9db827d69be7b9e9e22ac84cb9eb32566aceabbc3095b2671067696bc55cbf5d",
                "sha256:9e09e5c20d92b5fdc6c487c523f4e488bc39c2eec44b940efd196ecf11f37bf8",
                "sha256:a21c68c0724521fedc4df1abc4402020a1eb37500d138a1bee1c3e50c1b0edb4",
                "sha256:a292ef84826309e12b530ef95dd37af28029d7976521eac3441812a0ae94761e",
                "sha256:a57b3dfe5dd2da2084adea63dba0bf587a4096ebf9207339187c90139d1f460d",
                "sha256:a5df03681010f359e21cf9175cfbaf25e637abe970d0eb6448e78ec37abe9b48",
                "sha256:a931eba5b6b11292ed65e164a416b78a50139fb9c9dc9dce90006cbd853d1fdd",
                "sha256:a9ffb2e1b0d8cc1e8d45b282077343bb90330ab22acf66a439510f2afb3627b7",
                "sha256:b3419ff74d4cbd6ebba5f07be88fc3ee3d8be62f505bff144ac0e8985b9acc63",
                "sha256:b47597daa4ae9195f81a35822217a395d3277f01a393d9c2bb3796a6b458b22c",
                "sha256:b520f6d3b7a3d2b1109a82cd210b3ae156c340a2d3c843625cc4e579917f7be6",
                "sha256:bbc06939e451e623501f4612abb8c0b39dd3a9387bcaa9598d9904afc0f46420",
                "sha256:bd2ea9baf19656c544a48a56a195f2ac257cd973b566f5f2998fa3b7446281a1",
                "sha256:bd763fcd3508d3366bb5c93eadc7f0064b5453c982edac7aed8b0e112f34ae30",
                "sha256:c111428fcbbb228284e0efab10df49ef3523cf3bf86ca81ed5e694909b7fb616",
                "sha256:c13775ed27a88b297f6a1aa05ffb286879453f99e1e53e0af2b22e7ed8f92ebf",
                "sha256:c3e2e90656a46c49ec04e920fbdff28a14eb4439fb660e5de3074c3fbab4ee13",
                "sha256:c4aaab3072d6c473f95a3a35f067caed193e3f9bf1075f77c503b556656fc497",
                "sha256:c53e4e452593c2049ddb6fd3065ccb217c3d2d3648c0611f07d214becc0ce360",
                "sha256:c9bb9012bc02c44da6af1b931b6082588519685fad8a1f866c341f749394f53f",
                "sha256:ca757d585d4e235f4f376a43d293db539331cfe7f597b84b405754195f6c1d77",
                "sha256:d0bd73b3e73f4f80d2430d410b532222ecf57e9d4fe8600b7683c775cbff9479",
                "sha256:d25e7be545cb549c59db2b14a09214991ccca804e395eab8fcaff258e2991d13",
                "sha256:d5b6a7af8eb57dd168c023ffb041274b35b120a8eddf0a37f9bebcf4d69bf3c9",
                "sha256:d9b38c9e5c6552828118676795b0a270e2337571e25d17bf57c18c2c5c346df5",
                "sha256:ddf624234a3cd54672fa081fbac250371683e12595a0328c52e6af84dd01a847",
                "sha256:e03ee1e2157a31c69415c3dbfbfe64e02469499ca46e968d13d8a7b289bf520a",
                "sha256:e6db3def610e9c2d2f3602d3e9c8b2156273225f6eedf74a4749d3bc21af8167",
                "sha256:e95808b3d37d06a1411cfa33ae7c414ea4d01b38921c300634c9109c4e45f1ba",
                "sha256:e991b0f20b172fea466d0ffd499a85bf2f26decdeeda537275c72b5f7b26ccfe",
                "sha256:eb35dfe50daec1cc7d40c7dd56c9798dd59406d1a17dca2e14e41f1a49e140d8",
                "sha256:eb99f81ad441f64f29da560a0619c9e5b8d9f4532e611c1d6319b536a9d36f53",
                "sha256:f026dcb9f92408e394fd163d9a23ada4ac94d85c3f1016faf14731c05f308428",
                "sha256:f114caf160ca9b9d2515a13fad5c8dc4f2a066086d19eb7134f0000f3f45d9b0",
                "sha256:f2ff36b84a4ab9b68806af1f6985fa3b47e29695effe766a3e70c21efac8157c",
                "sha256:fd30f60898b750e6f9974453408daac5b866d7c48cd390cad6f68a901650d8ea",
                "sha256:fe7582b602e38cee5dd44e73fd9bcea9dffc900582c2584bb32ec4186c4254a3",
                "sha256:fe9df8136bf358d45a2757287523abaeb208fcbe2c1e34664562eb2d8f64dbdb"
            ],
            "markers": "python_version >= '3.7'",
            "version": "==1.9.4"
        },
        "requests": {
            "hashes": [
                "sha256:2a0d60c172f83ac6ab31e4554906c0f3b3588d37b5cb939b1c061f4907e278e0",
                "sha256:f288924cae4e29463698d6d60bc6a4da69c89185ad1e0bcc4104f584e960b9ed"
            ],
            "markers": "python_version >= '3.10'",
            "version": "==2.34.2"
        },
        "requests-cache": {
            "hashes": [
                "sha256:79b72d5ac5143992d1836ad78f4d8e65666061dd44e220548caab3723089826b",
                "sha256:c8df20ff874ebfc026959e3874e6c12bd6724934cdb10925915908453d4b17e4"
            ],
            "index": "pypi",
            "markers": "python_version >= '3.8'",
            "version": "==1.3.3"
        },
        "typing-extensions": {
            "hashes": [
                "sha256:481caa481374e813c1b176ada14e97f1f67a4539ce9cfeb3f350d78d6370c2e8",
                "sha256:dc983d19a509c94dba722ee6abd33940f7c05a89e243c47e907eb4db6f1a43e5"
            ],
            "markers": "python_version >= '3.9'",
            "version": "==4.16.0"
        },
        "url-normalize": {
            "hashes": [
                "sha256:0552cbf2831a32a28994a13d29bca58a60e10ff6c0380e343ec6d1c2a0d232d8",
                "sha256:95234bd359f86831c1fd87c248877f2a6887db2f3b5087120083f2fffcba4889"
            ],
            "markers": "python_version >= '3.10'",
            "version": "==3.0.0"
        },
        "urllib3": {
            "hashes": [
                "sha256:231e0ec3b63ceb14667c67be60f2f2c40a518cb38b03af60abc813da26505f4c",
                "sha256:9fb4c81ebbb1ce9531cce37674bbc6f1360472bc18ca9a553ede278ef7276897"
            ],
            "markers": "python_version >= '3.10'",
            "version": "==2.7.0"
        },
        "urllib3-future": {
            "hashes": [
                "sha256:0850f6c829b9fa83da83cbf67499a24fa63f5828b68c2c090649b930783d33a7",
                "sha256:b1b3062457ee7fe330a5aeba76cd063e2bfcb9c8c8579213e5c7dad4e069e7e4"
            ],
            "markers": "python_version >= '3.7'",
            "version": "==2.24.904"
        },
        "wassima": {
            "hashes": [
                "sha256:f8251c23720dd092117a554b3012756caee3feed6d0122c2458a2aca5d7d92c5",
                "sha256:fcd6c38be0f909c393da35cb2a993101fcdcff673b8fa8d5da228f73b630d0d0"
            ],
            "markers": "python_version >= '3.7'",
            "version": "==2.1.3"
        }
    },
    "develop": {}
}
